// !$*UTF8*$!
{
	archiveVersion = 1;
	classes = {
	};
	objectVersion = 56;
	objects = {

/* Begin PBXBuildFile section */
		1463D6EA2BCA90F5004F5818 /* ViewModel.swift in Sources */ = {isa = PBXBuildFile; fileRef = 1463D6E92BCA90F5004F5818 /* ViewModel.swift */; };
		1463D6EC2BCAAAE1004F5818 /* QuoteView.swift in Sources */ = {isa = PBXBuildFile; fileRef = 1463D6EB2BCAAAE1004F5818 /* QuoteView.swift */; };
		14FFACD22BC8AC8C00AEC96E /* BB_QuotesApp.swift in Sources */ = {isa = PBXBuildFile; fileRef = 14FFACD12BC8AC8C00AEC96E /* BB_QuotesApp.swift */; };
		14FFACD42BC8AC8C00AEC96E /* ContentView.swift in Sources */ = {isa = PBXBuildFile; fileRef = 14FFACD32BC8AC8C00AEC96E /* ContentView.swift */; };
		14FFACD62BC8AC8D00AEC96E /* Assets.xcassets in Resources */ = {isa = PBXBuildFile; fileRef = 14FFACD52BC8AC8D00AEC96E /* Assets.xcassets */; };
		14FFACD92BC8AC8D00AEC96E /* Preview Assets.xcassets in Resources */ = {isa = PBXBuildFile; fileRef = 14FFACD82BC8AC8D00AEC96E /* Preview Assets.xcassets */; };
		14FFACE02BC8AF0000AEC96E /* samplecharacter.json in Resources */ = {isa = PBXBuildFile; fileRef = 14FFACDF2BC8AEFF00AEC96E /* samplecharacter.json */; };
		14FFACE22BC8B31900AEC96E /* Quote.swift in Sources */ = {isa = PBXBuildFile; fileRef = 14FFACE12BC8B31900AEC96E /* Quote.swift */; };
		14FFACE42BC8B36000AEC96E /* Character.swift in Sources */ = {isa = PBXBuildFile; fileRef = 14FFACE32BC8B36000AEC96E /* Character.swift */; };
		14FFACE62BC8B8EA00AEC96E /* FetchController.swift in Sources */ = {isa = PBXBuildFile; fileRef = 14FFACE52BC8B8E900AEC96E /* FetchController.swift */; };
		14FFACE82BC8C6E600AEC96E /* Constants.swift in Sources */ = {isa = PBXBuildFile; fileRef = 14FFACE72BC8C6E600AEC96E /* Constants.swift */; };
/* End PBXBuildFile section */

/* Begin PBXFileReference section */
		1463D6E92BCA90F5004F5818 /* ViewModel.swift */ = {isa = PBXFileReference; lastKnownFileType = sourcecode.swift; path = ViewModel.swift; sourceTree = "<group>"; };
		1463D6EB2BCAAAE1004F5818 /* QuoteView.swift */ = {isa = PBXFileReference; lastKnownFileType = sourcecode.swift; path = QuoteView.swift; sourceTree = "<group>"; };
		14FFACCE2BC8AC8C00AEC96E /* BB Quotes.app */ = {isa = PBXFileReference; explicitFileType = wrapper.application; includeInIndex = 0; path = "BB Quotes.app"; sourceTree = BUILT_PRODUCTS_DIR; };
		14FFACD12BC8AC8C00AEC96E /* BB_QuotesApp.swift */ = {isa = PBXFileReference; lastKnownFileType = sourcecode.swift; path = BB_QuotesApp.swift; sourceTree = "<group>"; };
		14FFACD32BC8AC8C00AEC96E /* ContentView.swift */ = {isa = PBXFileReference; lastKnownFileType = sourcecode.swift; path = ContentView.swift; sourceTree = "<group>"; };
		14FFACD52BC8AC8D00AEC96E /* Assets.xcassets */ = {isa = PBXFileReference; lastKnownFileType = folder.assetcatalog; path = Assets.xcassets; sourceTree = "<group>"; };
		14FFACD82BC8AC8D00AEC96E /* Preview Assets.xcassets */ = {isa = PBXFileReference; lastKnownFileType = folder.assetcatalog; path = "Preview Assets.xcassets"; sourceTree = "<group>"; };
		14FFACDF2BC8AEFF00AEC96E /* samplecharacter.json */ = {isa = PBXFileReference; fileEncoding = 4; lastKnownFileType = text.json; path = samplecharacter.json; sourceTree = "<group>"; };
		14FFACE12BC8B31900AEC96E /* Quote.swift */ = {isa = PBXFileReference; lastKnownFileType = sourcecode.swift; path = Quote.swift; sourceTree = "<group>"; };
		14FFACE32BC8B36000AEC96E /* Character.swift */ = {isa = PBXFileReference; lastKnownFileType = sourcecode.swift; path = Character.swift; sourceTree = "<group>"; };
		14FFACE52BC8B8E900AEC96E /* FetchController.swift */ = {isa = PBXFileReference; lastKnownFileType = sourcecode.swift; path = FetchController.swift; sourceTree = "<group>"; };
		14FFACE72BC8C6E600AEC96E /* Constants.swift */ = {isa = PBXFileReference; lastKnownFileType = sourcecode.swift; path = Constants.swift; sourceTree = "<group>"; };
/* End PBXFileReference section */

/* Begin PBXFrameworksBuildPhase section */
		14FFACCB2BC8AC8C00AEC96E /* Frameworks */ = {
			isa = PBXFrameworksBuildPhase;
			buildActionMask = 2147483647;
			files = (
			);
			runOnlyForDeploymentPostprocessing = 0;
		};
/* End PBXFrameworksBuildPhase section */

/* Begin PBXGroup section */
		14FFACC52BC8AC8C00AEC96E = {
			isa = PBXGroup;
			children = (
				14FFACD02BC8AC8C00AEC96E /* BB Quotes */,
				14FFACCF2BC8AC8C00AEC96E /* Products */,
			);
			sourceTree = "<group>";
		};
		14FFACCF2BC8AC8C00AEC96E /* Products */ = {
			isa = PBXGroup;
			children = (
				14FFACCE2BC8AC8C00AEC96E /* BB Quotes.app */,
			);
			name = Products;
			sourceTree = "<group>";
		};
		14FFACD02BC8AC8C00AEC96E /* BB Quotes */ = {
			isa = PBXGroup;
			children = (
				14FFACD12BC8AC8C00AEC96E /* BB_QuotesApp.swift */,
				14FFACD32BC8AC8C00AEC96E /* ContentView.swift */,
				1463D6EB2BCAAAE1004F5818 /* QuoteView.swift */,
				1463D6E92BCA90F5004F5818 /* ViewModel.swift */,
				14FFACE52BC8B8E900AEC96E /* FetchController.swift */,
				14FFACE12BC8B31900AEC96E /* Quote.swift */,
				14FFACE32BC8B36000AEC96E /* Character.swift */,
				14FFACE72BC8C6E600AEC96E /* Constants.swift */,
				14FFACD52BC8AC8D00AEC96E /* Assets.xcassets */,
				14FFACDF2BC8AEFF00AEC96E /* samplecharacter.json */,
				14FFACD72BC8AC8D00AEC96E /* Preview Content */,
			);
			path = "BB Quotes";
			sourceTree = "<group>";
		};
		14FFACD72BC8AC8D00AEC96E /* Preview Content */ = {
			isa = PBXGroup;
			children = (
				14FFACD82BC8AC8D00AEC96E /* Preview Assets.xcassets */,
			);
			path = "Preview Content";
			sourceTree = "<group>";
		};
/* End PBXGroup section */

/* Begin PBXNativeTarget section */
		14FFACCD2BC8AC8C00AEC96E /* BB Quotes */ = {
			isa = PBXNativeTarget;
			buildConfigurationList = 14FFACDC2BC8AC8D00AEC96E /* Build configuration list for PBXNativeTarget "BB Quotes" */;
			buildPhases = (
				14FFACCA2BC8AC8C00AEC96E /* Sources */,
				14FFACCB2BC8AC8C00AEC96E /* Frameworks */,
				14FFACCC2BC8AC8C00AEC96E /* Resources */,
			);
			buildRules = (
			);
			dependencies = (
			);
			name = "BB Quotes";
			productName = "BB Quotes";
			productReference = 14FFACCE2BC8AC8C00AEC96E /* BB Quotes.app */;
			productType = "com.apple.product-type.application";
		};
/* End PBXNativeTarget section */

/* Begin PBXProject section */
		14FFACC62BC8AC8C00AEC96E /* Project object */ = {
			isa = PBXProject;
			attributes = {
				BuildIndependentTargetsInParallel = 1;
				LastSwiftUpdateCheck = 1520;
				LastUpgradeCheck = 1520;
				TargetAttributes = {
					14FFACCD2BC8AC8C00AEC96E = {
						CreatedOnToolsVersion = 15.2;
					};
				};
			};
			buildConfigurationList = 14FFACC92BC8AC8C00AEC96E /* Build configuration list for PBXProject "BB Quotes" */;
			compatibilityVersion = "Xcode 14.0";
			developmentRegion = en;
			hasScannedForEncodings = 0;
			knownRegions = (
				en,
				Base,
			);
			mainGroup = 14FFACC52BC8AC8C00AEC96E;
			productRefGroup = 14FFACCF2BC8AC8C00AEC96E /* Products */;
			projectDirPath = "";
			projectRoot = "";
			targets = (
				14FFACCD2BC8AC8C00AEC96E /* BB Quotes */,
			);
		};
/* End PBXProject section */

/* Begin PBXResourcesBuildPhase section */
		14FFACCC2BC8AC8C00AEC96E /* Resources */ = {
			isa = PBXResourcesBuildPhase;
			buildActionMask = 2147483647;
			files = (
				14FFACD92BC8AC8D00AEC96E /* Preview Assets.xcassets in Resources */,
				14FFACE02BC8AF0000AEC96E /* samplecharacter.json in Resources */,
				14FFACD62BC8AC8D00AEC96E /* Assets.xcassets in Resources */,
			);
			runOnlyForDeploymentPostprocessing = 0;
		};
/* End PBXResourcesBuildPhase section */

/* Begin PBXSourcesBuildPhase section */
		14FFACCA2BC8AC8C00AEC96E /* Sources */ = {
			isa = PBXSourcesBuildPhase;
			buildActionMask = 2147483647;
			files = (
				14FFACD42BC8AC8C00AEC96E /* ContentView.swift in Sources */,
				14FFACE22BC8B31900AEC96E /* Quote.swift in Sources */,
				14FFACD22BC8AC8C00AEC96E /* BB_QuotesApp.swift in Sources */,
				1463D6EC2BCAAAE1004F5818 /* QuoteView.swift in Sources */,
				14FFACE62BC8B8EA00AEC96E /* FetchController.swift in Sources */,
				14FFACE42BC8B36000AEC96E /* Character.swift in Sources */,
				14FFACE82BC8C6E600AEC96E /* Constants.swift in Sources */,
				1463D6EA2BCA90F5004F5818 /* ViewModel.swift in Sources */,
			);
			runOnlyForDeploymentPostprocessing = 0;
		};
/* End PBXSourcesBuildPhase section */

/* Begin XCBuildConfiguration section */
		14FFACDA2BC8AC8D00AEC96E /* Debug */ = {
			isa = XCBuildConfiguration;
			buildSettings = {
				ALWAYS_SEARCH_USER_PATHS = NO;
				ASSETCATALOG_COMPILER_GENERATE_SWIFT_ASSET_SYMBOL_EXTENSIONS = YES;
				CLANG_ANALYZER_NONNULL = YES;
				CLANG_ANALYZER_NUMBER_OBJECT_CONVERSION = YES_AGGRESSIVE;
				CLANG_CXX_LANGUAGE_STANDARD = "gnu++20";
				CLANG_ENABLE_MODULES = YES;
				CLANG_ENABLE_OBJC_ARC = YES;
				CLANG_ENABLE_OBJC_WEAK = YES;
				CLANG_WARN_BLOCK_CAPTURE_AUTORELEASING = YES;
				CLANG_WARN_BOOL_CONVERSION = YES;
				CLANG_WARN_COMMA = YES;
				CLANG_WARN_CONSTANT_CONVERSION = YES;
				CLANG_WARN_DEPRECATED_OBJC_IMPLEMENTATIONS = YES;
				CLANG_WARN_DIRECT_OBJC_ISA_USAGE = YES_ERROR;
				CLANG_WARN_DOCUMENTATION_COMMENTS = YES;
				CLANG_WARN_EMPTY_BODY = YES;
				CLANG_WARN_ENUM_CONVERSION = YES;
				CLANG_WARN_INFINITE_RECURSION = YES;
				CLANG_WARN_INT_CONVERSION = YES;
				CLANG_WARN_NON_LITERAL_NULL_CONVERSION = YES;
				CLANG_WARN_OBJC_IMPLICIT_RETAIN_SELF = YES;
				CLANG_WARN_OBJC_LITERAL_CONVERSION = YES;
				CLANG_WARN_OBJC_ROOT_CLASS = YES_ERROR;
				CLANG_WARN_QUOTED_INCLUDE_IN_FRAMEWORK_HEADER = YES;
				CLANG_WARN_RANGE_LOOP_ANALYSIS = YES;
				CLANG_WARN_STRICT_PROTOTYPES = YES;
				CLANG_WARN_SUSPICIOUS_MOVE = YES;
				CLANG_WARN_UNGUARDED_AVAILABILITY = YES_AGGRESSIVE;
				CLANG_WARN_UNREACHABLE_CODE = YES;
				CLANG_WARN__DUPLICATE_METHOD_MATCH = YES;
				COPY_PHASE_STRIP = NO;
				DEBUG_INFORMATION_FORMAT = dwarf;
				ENABLE_STRICT_OBJC_MSGSEND = YES;
				ENABLE_TESTABILITY = YES;
				ENABLE_USER_SCRIPT_SANDBOXING = YES;
				GCC_C_LANGUAGE_STANDARD = gnu17;
				GCC_DYNAMIC_NO_PIC = NO;
				GCC_NO_COMMON_BLOCKS = YES;
				GCC_OPTIMIZATION_LEVEL = 0;
				GCC_PREPROCESSOR_DEFINITIONS = (
					"DEBUG=1",
					"$(inherited)",
				);
				GCC_WARN_64_TO_32_BIT_CONVERSION = YES;
				GCC_WARN_ABOUT_RETURN_TYPE = YES_ERROR;
				GCC_WARN_UNDECLARED_SELECTOR = YES;
				GCC_WARN_UNINITIALIZED_AUTOS = YES_AGGRESSIVE;
				GCC_WARN_UNUSED_FUNCTION = YES;
				GCC_WARN_UNUSED_VARIABLE = YES;
				IPHONEOS_DEPLOYMENT_TARGET = 17.2;
				LOCALIZATION_PREFERS_STRING_CATALOGS = YES;
				MTL_ENABLE_DEBUG_INFO = INCLUDE_SOURCE;
				MTL_FAST_MATH = YES;
				ONLY_ACTIVE_ARCH = YES;
				SDKROOT = iphoneos;
				SWIFT_ACTIVE_COMPILATION_CONDITIONS = "DEBUG $(inherited)";
				SWIFT_OPTIMIZATION_LEVEL = "-Onone";
			};
			name = Debug;
		};
		14FFACDB2BC8AC8D00AEC96E /* Release */ = {
			isa = XCBuildConfiguration;
			buildSettings = {
				ALWAYS_SEARCH_USER_PATHS = NO;
				ASSETCATALOG_COMPILER_GENERATE_SWIFT_ASSET_SYMBOL_EXTENSIONS = YES;
				CLANG_ANALYZER_NONNULL = YES;
				CLANG_ANALYZER_NUMBER_OBJECT_CONVERSION = YES_AGGRESSIVE;
				CLANG_CXX_LANGUAGE_STANDARD = "gnu++20";
				CLANG_ENABLE_MODULES = YES;
				CLANG_ENABLE_OBJC_ARC = YES;
				CLANG_ENABLE_OBJC_WEAK = YES;
				CLANG_WARN_BLOCK_CAPTURE_AUTORELEASING = YES;
				CLANG_WARN_BOOL_CONVERSION = YES;
				CLANG_WARN_COMMA = YES;
				CLANG_WARN_CONSTANT_CONVERSION = YES;
				CLANG_WARN_DEPRECATED_OBJC_IMPLEMENTATIONS = YES;
				CLANG_WARN_DIRECT_OBJC_ISA_USAGE = YES_ERROR;
				CLANG_WARN_DOCUMENTATION_COMMENTS = YES;
				CLANG_WARN_EMPTY_BODY = YES;
				CLANG_WARN_ENUM_CONVERSION = YES;
				CLANG_WARN_INFINITE_RECURSION = YES;
				CLANG_WARN_INT_CONVERSION = YES;
				CLANG_WARN_NON_LITERAL_NULL_CONVERSION = YES;
				CLANG_WARN_OBJC_IMPLICIT_RETAIN_SELF = YES;
				CLANG_WARN_OBJC_LITERAL_CONVERSION = YES;
				CLANG_WARN_OBJC_ROOT_CLASS = YES_ERROR;
				CLANG_WARN_QUOTED_INCLUDE_IN_FRAMEWORK_HEADER = YES;
				CLANG_WARN_RANGE_LOOP_ANALYSIS = YES;
				CLANG_WARN_STRICT_PROTOTYPES = YES;
				CLANG_WARN_SUSPICIOUS_MOVE = YES;
				CLANG_WARN_UNGUARDED_AVAILABILITY = YES_AGGRESSIVE;
				CLANG_WARN_UNREACHABLE_CODE = YES;
				CLANG_WARN__DUPLICATE_METHOD_MATCH = YES;
				COPY_PHASE_STRIP = NO;
				DEBUG_INFORMATION_FORMAT = "dwarf-with-dsym";
				ENABLE_NS_ASSERTIONS = NO;
				ENABLE_STRICT_OBJC_MSGSEND = YES;
				ENABLE_USER_SCRIPT_SANDBOXING = YES;
				GCC_C_LANGUAGE_STANDARD = gnu17;
				GCC_NO_COMMON_BLOCKS = YES;
				GCC_WARN_64_TO_32_BIT_CONVERSION = YES;
				GCC_WARN_ABOUT_RETURN_TYPE = YES_ERROR;
				GCC_WARN_UNDECLARED_SELECTOR = YES;
				GCC_WARN_UNINITIALIZED_AUTOS = YES_AGGRESSIVE;
				GCC_WARN_UNUSED_FUNCTION = YES;
				GCC_WARN_UNUSED_VARIABLE = YES;
				IPHONEOS_DEPLOYMENT_TARGET = 17.2;
				LOCALIZATION_PREFERS_STRING_CATALOGS = YES;
				MTL_ENABLE_DEBUG_INFO = NO;
				MTL_FAST_MATH = YES;
				SDKROOT = iphoneos;
				SWIFT_COMPILATION_MODE = wholemodule;
				VALIDATE_PRODUCT = YES;
			};
			name = Release;
		};
		14FFACDD2BC8AC8D00AEC96E /* Debug */ = {
			isa = XCBuildConfiguration;
			buildSettings = {
				ASSETCATALOG_COMPILER_APPICON_NAME = AppIcon;
				ASSETCATALOG_COMPILER_GLOBAL_ACCENT_COLOR_NAME = AccentColor;
				CODE_SIGN_STYLE = Automatic;
				CURRENT_PROJECT_VERSION = 1;
				DEVELOPMENT_ASSET_PATHS = "\"BB Quotes/Preview Content\"";
				DEVELOPMENT_TEAM = 4M7LY85DGY;
				ENABLE_PREVIEWS = YES;
				GENERATE_INFOPLIST_FILE = YES;
				INFOPLIST_KEY_UIApplicationSceneManifest_Generation = YES;
				INFOPLIST_KEY_UIApplicationSupportsIndirectInputEvents = YES;
				INFOPLIST_KEY_UILaunchScreen_Generation = YES;
				INFOPLIST_KEY_UISupportedInterfaceOrientations_iPad = "UIInterfaceOrientationPortrait UIInterfaceOrientationPortraitUpsideDown UIInterfaceOrientationLandscapeLeft UIInterfaceOrientationLandscapeRight";
				INFOPLIST_KEY_UISupportedInterfaceOrientations_iPhone = "UIInterfaceOrientationPortrait UIInterfaceOrientationLandscapeLeft UIInterfaceOrientationLandscapeRight";
				LD_RUNPATH_SEARCH_PATHS = (
					"$(inherited)",
					"@executable_path/Frameworks",
				);
				MARKETING_VERSION = 1.0;
				PRODUCT_BUNDLE_IDENTIFIER = "com.misakikawaguchi.BB-Quotes";
				PRODUCT_NAME = "$(TARGET_NAME)";
				SWIFT_EMIT_LOC_STRINGS = YES;
				SWIFT_VERSION = 5.0;
				TARGETED_DEVICE_FAMILY = "1,2";
			};
			name = Debug;
		};
		14FFACDE2BC8AC8D00AEC96E /* Release */ = {
			isa = XCBuildConfiguration;
			buildSettings = {
				ASSETCATALOG_COMPILER_APPICON_NAME = AppIcon;
				ASSETCATALOG_COMPILER_GLOBAL_ACCENT_COLOR_NAME = AccentColor;
				CODE_SIGN_STYLE = Automatic;
				CURRENT_PROJECT_VERSION = 1;
				DEVELOPMENT_ASSET_PATHS = "\"BB Quotes/Preview Content\"";
				DEVELOPMENT_TEAM = 4M7LY85DGY;
				ENABLE_PREVIEWS = YES;
				GENERATE_INFOPLIST_FILE = YES;
				INFOPLIST_KEY_UIApplicationSceneManifest_Generation = YES;
				INFOPLIST_KEY_UIApplicationSupportsIndirectInputEvents = YES;
				INFOPLIST_KEY_UILaunchScreen_Generation = YES;
				INFOPLIST_KEY_UISupportedInterfaceOrientations_iPad = "UIInterfaceOrientationPortrait UIInterfaceOrientationPortraitUpsideDown UIInterfaceOrientationLandscapeLeft UIInterfaceOrientationLandscapeRight";
				INFOPLIST_KEY_UISupportedInterfaceOrientations_iPhone = "UIInterfaceOrientationPortrait UIInterfaceOrientationLandscapeLeft UIInterfaceOrientationLandscapeRight";
				LD_RUNPATH_SEARCH_PATHS = (
					"$(inherited)",
					"@executable_path/Frameworks",
				);
				MARKETING_VERSION = 1.0;
				PRODUCT_BUNDLE_IDENTIFIER = "com.misakikawaguchi.BB-Quotes";
				PRODUCT_NAME = "$(TARGET_NAME)";
				SWIFT_EMIT_LOC_STRINGS = YES;
				SWIFT_VERSION = 5.0;
				TARGETED_DEVICE_FAMILY = "1,2";
			};
			name = Release;
		};
/* End XCBuildConfiguration section */

/* Begin XCConfigurationList section */
		14FFACC92BC8AC8C00AEC96E /* Build configuration list for PBXProject "BB Quotes" */ = {
			isa = XCConfigurationList;
			buildConfigurations = (
				14FFACDA2BC8AC8D00AEC96E /* Debug */,
				14FFACDB2BC8AC8D00AEC96E /* Release */,
			);
			defaultConfigurationIsVisible = 0;
			defaultConfigurationName = Release;
		};
		14FFACDC2BC8AC8D00AEC96E /* Build configuration list for PBXNativeTarget "BB Quotes" */ = {
			isa = XCConfigurationList;
			buildConfigurations = (
				14FFACDD2BC8AC8D00AEC96E /* Debug */,
				14FFACDE2BC8AC8D00AEC96E /* Release */,
			);
			defaultConfigurationIsVisible = 0;
			defaultConfigurationName = Release;
		};
/* End XCConfigurationList section */
	};
	rootObject = 14FFACC62BC8AC8C00AEC96E /* Project object */;
}
